
Microsoft Visual Studio Solution File, Format Version 12.00
# Visual Studio Version 17
VisualStudioVersion = 17.14.36310.24
MinimumVisualStudioVersion = 10.0.40219.1
Project("{FAE04EC0-301F-11D3-BF4B-00C04F79EFBC}") = "AspNetCorePlugin", "AspNetCorePlugin\AspNetCorePlugin.csproj", "{77D70FD0-D280-4931-A3EB-D39446AF8F0C}"
EndProject
Project("{FAE04EC0-301F-11D3-BF4B-00C04F79EFBC}") = "ClientPlugin", "ClientPlugin\ClientPlugin.csproj", "{07CBDD01-D071-499F-96C4-6138B8EAFD4D}"
EndProject
Project("{FAE04EC0-301F-11D3-BF4B-00C04F79EFBC}") = "PostSolutionBuild", "PostSolutionBuild\PostSolutionBuild.csproj", "{E4361333-A8D8-4E88-B559-E6204B6735CA}"
	ProjectSection(ProjectDependencies) = postProject
		{07CBDD01-D071-499F-96C4-6138B8EAFD4D} = {07CBDD01-D071-499F-96C4-6138B8EAFD4D}
		{77D70FD0-D280-4931-A3EB-D39446AF8F0C} = {77D70FD0-D280-4931-A3EB-D39446AF8F0C}
	EndProjectSection
EndProject
Global
	GlobalSection(SolutionConfigurationPlatforms) = preSolution
		Debug|Any CPU = Debug|Any CPU
		Release|Any CPU = Release|Any CPU
	EndGlobalSection
	GlobalSection(ProjectConfigurationPlatforms) = postSolution
		{77D70FD0-D280-4931-A3EB-D39446AF8F0C}.Debug|Any CPU.ActiveCfg = Debug|Any CPU
		{77D70FD0-D280-4931-A3EB-D39446AF8F0C}.Debug|Any CPU.Build.0 = Debug|Any CPU
		{77D70FD0-D280-4931-A3EB-D39446AF8F0C}.Release|Any CPU.ActiveCfg = Release|Any CPU
		{77D70FD0-D280-4931-A3EB-D39446AF8F0C}.Release|Any CPU.Build.0 = Release|Any CPU
		{07CBDD01-D071-499F-96C4-6138B8EAFD4D}.Debug|Any CPU.ActiveCfg = Debug|Any CPU
		{07CBDD01-D071-499F-96C4-6138B8EAFD4D}.Debug|Any CPU.Build.0 = Debug|Any CPU
		{07CBDD01-D071-499F-96C4-6138B8EAFD4D}.Release|Any CPU.ActiveCfg = Release|Any CPU
		{07CBDD01-D071-499F-96C4-6138B8EAFD4D}.Release|Any CPU.Build.0 = Release|Any CPU
		{E4361333-A8D8-4E88-B559-E6204B6735CA}.Debug|Any CPU.ActiveCfg = Debug|Any CPU
		{E4361333-A8D8-4E88-B559-E6204B6735CA}.Debug|Any CPU.Build.0 = Debug|Any CPU
		{E4361333-A8D8-4E88-B559-E6204B6735CA}.Release|Any CPU.ActiveCfg = Release|Any CPU
		{E4361333-A8D8-4E88-B559-E6204B6735CA}.Release|Any CPU.Build.0 = Release|Any CPU
	EndGlobalSection
	GlobalSection(SolutionProperties) = preSolution
		HideSolutionNode = FALSE
	EndGlobalSection
	GlobalSection(ExtensibilityGlobals) = postSolution
		SolutionGuid = {02197089-70DB-4EF0-9B11-F5866B9F5C65}
	EndGlobalSection
EndGlobal
